<?xml version="1.0" encoding="utf-8"?>
<Project ToolsVersion="4.0" xmlns="http://schemas.microsoft.com/developer/msbuild/2003">
  <ItemGroup>
    <Filter Include="Source Files">
      <UniqueIdentifier>{4FC737F1-C7A5-4376-A066-2A32D752A2FF}</UniqueIdentifier>
      <Extensions>cpp;c;cc;cxx;def;odl;idl;hpj;bat;asm;asmx</Extensions>
    </Filter>
    <Filter Include="Header Files">
      <UniqueIdentifier>{93995380-89BD-4b04-88EB-625FBE52EBFB}</UniqueIdentifier>
      <Extensions>h;hh;hpp;hxx;hm;inl;inc;ipp;xsd</Extensions>
    </Filter>
    <Filter Include="Source Files\Resource Files">
      <UniqueIdentifier>{67DA6AB6-F800-4c08-8B7A-83BB121AAD01}</UniqueIdentifier>
      <Extensions>rc;ico;cur;bmp;dlg;rc2;rct;bin;rgs;gif;jpg;jpeg;jpe;resx;tiff;tif;png;wav;mfcribbon-ms</Extensions>
    </Filter>
  </ItemGroup>
  <ItemGroup>
    <ClCompile Include="Source.cpp">
      <Filter>Source Files</Filter>
    </ClCompile>
    <ClCompile Include="animate.cpp">
      <Filter>Source Files</Filter>
    </ClCompile>
    <ClCompile Include="sidebar.cpp">
      <Filter>Source Files</Filter>
    </ClCompile>
    <ClCompile Include="system.cpp">
      <Filter>Source Files</Filter>
    </ClCompile>
    <ClCompile Include="Graph.cpp">
      <Filter>Source Files</Filter>
    </ClCompile>
    <ClCompile Include="Plot.cpp">
      <Filter>Source Files</Filter>
    </ClCompile>
    <ClCompile Include="RPN.cpp">
      <Filter>Source Files</Filter>
    </ClCompile>
    <ClCompile Include="translate_coords.cpp">
      <Filter>Source Files</Filter>
    </ClCompile>
    <ClCompile Include="LeftParen.cpp">
      <Filter>Source Files</Filter>
    </ClCompile>
    <ClCompile Include="Number.cpp">
      <Filter>Source Files</Filter>
    </ClCompile>
    <ClCompile Include="Operator.cpp">
      <Filter>Source Files</Filter>
    </ClCompile>
    <ClCompile Include="RightParen.cpp">
      <Filter>Source Files</Filter>
    </ClCompile>
    <ClCompile Include="shunting_yard.cpp">
      <Filter>Source Files</Filter>
    </ClCompile>
    <ClCompile Include="Token.cpp">
      <Filter>Source Files</Filter>
    </ClCompile>
    <ClCompile Include="Variable.cpp">
      <Filter>Source Files</Filter>
    </ClCompile>
    <ClCompile Include="Function.cpp">
      <Filter>Source Files</Filter>
    </ClCompile>
    <ClCompile Include="Tokenizer.cpp">
      <Filter>Source Files</Filter>
    </ClCompile>
    <ClCompile Include="Graph_info.cpp">
      <Filter>Source Files</Filter>
    </ClCompile>
    <ClCompile Include="fileHandler.cpp">
      <Filter>Source Files</Filter>
    </ClCompile>
  </ItemGroup>
  <ItemGroup>
    <ClInclude Include="animate.h">
      <Filter>Header Files</Filter>
    </ClInclude>
    <ClInclude Include="sidebar.h">
      <Filter>Header Files</Filter>
    </ClInclude>
    <ClInclude Include="system.h">
      <Filter>Header Files</Filter>
    </ClInclude>
    <ClInclude Include="Graph.h">
      <Filter>Header Files</Filter>
    </ClInclude>
    <ClInclude Include="constants.h">
      <Filter>Header Files</Filter>
    </ClInclude>
    <ClInclude Include="Vector.h">
      <Filter>Header Files</Filter>
    </ClInclude>
    <ClInclude Include="1DLibrary.h">
      <Filter>Header Files</Filter>
    </ClInclude>
    <ClInclude Include="AddEntry.h">
      <Filter>Header Files</Filter>
    </ClInclude>
    <ClInclude Include="Plot.h">
      <Filter>Header Files</Filter>
    </ClInclude>
    <ClInclude Include="RPN.h">
      <Filter>Header Files</Filter>
    </ClInclude>
    <ClInclude Include="translate_coords.h">
      <Filter>Header Files</Filter>
    </ClInclude>
    <ClInclude Include="Operator.h">
      <Filter>Header Files</Filter>
    </ClInclude>
    <ClInclude Include="Queue.h">
      <Filter>Header Files</Filter>
    </ClInclude>
    <ClInclude Include="RightParen.h">
      <Filter>Header Files</Filter>
    </ClInclude>
    <ClInclude Include="shunting_yard.h">
      <Filter>Header Files</Filter>
    </ClInclude>
    <ClInclude Include="LeftParen.h">
      <Filter>Header Files</Filter>
    </ClInclude>
    <ClInclude Include="linked_list.h">
      <Filter>Header Files</Filter>
    </ClInclude>
    <ClInclude Include="Node.h">
      <Filter>Header Files</Filter>
    </ClInclude>
    <ClInclude Include="Number.h">
      <Filter>Header Files</Filter>
    </ClInclude>
    <ClInclude Include="Token.h">
      <Filter>Header Files</Filter>
    </ClInclude>
    <ClInclude Include="Stack.h">
      <Filter>Header Files</Filter>
    </ClInclude>
    <ClInclude Include="WorkReport.h">
      <Filter>Header Files</Filter>
    </ClInclude>
    <ClInclude Include="Variable.h">
      <Filter>Header Files</Filter>
    </ClInclude>
    <ClInclude Include="Function.h">
      <Filter>Header Files</Filter>
    </ClInclude>
    <ClInclude Include="Tokenizer.h">
      <Filter>Header Files</Filter>
    </ClInclude>
    <ClInclude Include="Graph_info.h">
      <Filter>Header Files</Filter>
    </ClInclude>
    <ClInclude Include="fileHandler.h">
      <Filter>Header Files</Filter>
    </ClInclude>
  </ItemGroup>
</Project>