
Microsoft Visual Studio Solution File, Format Version 12.00
# Visual Studio Version 16
VisualStudioVersion = 16.0.29806.167
MinimumVisualStudioVersion = 10.0.40219.1
Project("{8BC9CEB8-8B4A-11D0-8D11-00A0C91BC942}") = "2DPointer", "2DPointer\2DPointer.vcxproj", "{925E5409-9F1D-4F16-AB99-D58C38441B73}"
EndProject
Global
	GlobalSection(SolutionConfigurationPlatforms) = preSolution
		Debug|x64 = Debug|x64
		Debug|x86 = Debug|x86
		Release|x64 = Release|x64
		Release|x86 = Release|x86
	EndGlobalSection
	GlobalSection(ProjectConfigurationPlatforms) = postSolution
		{925E5409-9F1D-4F16-AB99-D58C38441B73}.Debug|x64.ActiveCfg = Debug|x64
		{925E5409-9F1D-4F16-AB99-D58C38441B73}.Debug|x64.Build.0 = Debug|x64
		{925E5409-9F1D-4F16-AB99-D58C38441B73}.Debug|x86.ActiveCfg = Debug|Win32
		{925E5409-9F1D-4F16-AB99-D58C38441B73}.Debug|x86.Build.0 = Debug|Win32
		{925E5409-9F1D-4F16-AB99-D58C38441B73}.Release|x64.ActiveCfg = Release|x64
		{925E5409-9F1D-4F16-AB99-D58C38441B73}.Release|x64.Build.0 = Release|x64
		{925E5409-9F1D-4F16-AB99-D58C38441B73}.Release|x86.ActiveCfg = Release|Win32
		{925E5409-9F1D-4F16-AB99-D58C38441B73}.Release|x86.Build.0 = Release|Win32
	EndGlobalSection
	GlobalSection(SolutionProperties) = preSolution
		HideSolutionNode = FALSE
	EndGlobalSection
	GlobalSection(ExtensibilityGlobals) = postSolution
		SolutionGuid = {8D6388FA-0678-497D-8C16-03A79C2396B2}
	EndGlobalSection
EndGlobal
